PODS:
  - Alamofire (5.9.1)
  - IQKeyboardManagerSwift (7.1.1)
  - Kingfisher (7.12.0)
  - MJRefresh (3.7.9)
  - StatusAlert (1.1.1)
  - UIScrollView-InfiniteScroll (1.3.0)

DEPENDENCIES:
  - Alamofire
  - IQKeyboardManagerSwift
  - Kingfisher
  - MJRefresh
  - StatusAlert
  - UIScrollView-InfiniteScroll

SPEC REPOS:
  trunk:
    - Alamofire
    - IQKeyboardManagerSwift
    - Kingfisher
    - MJRefresh
    - StatusAlert
    - UIScrollView-InfiniteScroll

SPEC CHECKSUMS:
  Alamofire: f36a35757af4587d8e4f4bfa223ad10be2422b8c
  IQKeyboardManagerSwift: d7f3d3a562c237a0e7335e657cd598c452f57f1b
  Kingfisher: 53a10ea35051a436b5fb626ca2dd8f3144d755e9
  MJRefresh: ff9e531227924c84ce459338414550a05d2aea78
  StatusAlert: a18ec3c33d36a06d4479c1f2b15ffac67aaf7ab1
  UIScrollView-InfiniteScroll: a30af3dec185edd26d6ad50c521aa277f3ebf177

PODFILE CHECKSUM: 598521bc200083725e13507edfc6e6a4b9bda3bd

COCOAPODS: 1.15.2
